// !$*UTF8*$!
{
	archiveVersion = 1;
	classes = {
	};
	objectVersion = 50;
	objects = {

/* Begin PBXBuildFile section */
		8568CD66274BCBA000EC2ED6 /* PersonalApp.swift in Sources */ = {isa = PBXBuildFile; fileRef = 8568CD65274BCBA000EC2ED6 /* PersonalApp.swift */; };
		8568CD68274BCBA000EC2ED6 /* ContentView.swift in Sources */ = {isa = PBXBuildFile; fileRef = 8568CD67274BCBA000EC2ED6 /* ContentView.swift */; };
		8568CD6A274BCBA600EC2ED6 /* Assets.xcassets in Resources */ = {isa = PBXBuildFile; fileRef = 8568CD69274BCBA600EC2ED6 /* Assets.xcassets */; };
		8568CD6D274BCBA600EC2ED6 /* Preview Assets.xcassets in Resources */ = {isa = PBXBuildFile; fileRef = 8568CD6C274BCBA600EC2ED6 /* Preview Assets.xcassets */; };
		8568CD75274BCC0000EC2ED6 /* AboutMe.swift in Sources */ = {isa = PBXBuildFile; fileRef = 8568CD74274BCC0000EC2ED6 /* AboutMe.swift */; };
/* End PBXBuildFile section */

/* Begin PBXFileReference section */
		8568CD62274BCB9F00EC2ED6 /* PersonalApp.app */ = {isa = PBXFileReference; explicitFileType = wrapper.application; includeInIndex = 0; path = PersonalApp.app; sourceTree = BUILT_PRODUCTS_DIR; };
		8568CD65274BCBA000EC2ED6 /* PersonalApp.swift */ = {isa = PBXFileReference; lastKnownFileType = sourcecode.swift; path = PersonalApp.swift; sourceTree = "<group>"; };
		8568CD67274BCBA000EC2ED6 /* ContentView.swift */ = {isa = PBXFileReference; lastKnownFileType = sourcecode.swift; path = ContentView.swift; sourceTree = "<group>"; };
		8568CD69274BCBA600EC2ED6 /* Assets.xcassets */ = {isa = PBXFileReference; lastKnownFileType = folder.assetcatalog; path = Assets.xcassets; sourceTree = "<group>"; };
		8568CD6C274BCBA600EC2ED6 /* Preview Assets.xcassets */ = {isa = PBXFileReference; lastKnownFileType = folder.assetcatalog; path = "Preview Assets.xcassets"; sourceTree = "<group>"; };
		8568CD6E274BCBA600EC2ED6 /* Info.plist */ = {isa = PBXFileReference; lastKnownFileType = text.plist.xml; path = Info.plist; sourceTree = "<group>"; };
		8568CD74274BCC0000EC2ED6 /* AboutMe.swift */ = {isa = PBXFileReference; lastKnownFileType = sourcecode.swift; path = AboutMe.swift; sourceTree = "<group>"; };
/* End PBXFileReference section */

/* Begin PBXFrameworksBuildPhase section */
		8568CD5F274BCB9F00EC2ED6 /* Frameworks */ = {
			isa = PBXFrameworksBuildPhase;
			buildActionMask = 2147483647;
			files = (
			);
			runOnlyForDeploymentPostprocessing = 0;
		};
/* End PBXFrameworksBuildPhase section */

/* Begin PBXGroup section */
		8568CD59274BCB9F00EC2ED6 = {
			isa = PBXGroup;
			children = (
				8568CD64274BCBA000EC2ED6 /* PersonalApp */,
				8568CD63274BCB9F00EC2ED6 /* Products */,
			);
			sourceTree = "<group>";
		};
		8568CD63274BCB9F00EC2ED6 /* Products */ = {
			isa = PBXGroup;
			children = (
				8568CD62274BCB9F00EC2ED6 /* PersonalApp.app */,
			);
			name = Products;
			sourceTree = "<group>";
		};
		8568CD64274BCBA000EC2ED6 /* PersonalApp */ = {
			isa = PBXGroup;
			children = (
				8568CD65274BCBA000EC2ED6 /* PersonalApp.swift */,
				8568CD67274BCBA000EC2ED6 /* ContentView.swift */,
				8568CD69274BCBA600EC2ED6 /* Assets.xcassets */,
				8568CD6E274BCBA600EC2ED6 /* Info.plist */,
				8568CD6B274BCBA600EC2ED6 /* Preview Content */,
				8568CD74274BCC0000EC2ED6 /* AboutMe.swift */,
			);
			path = PersonalApp;
			sourceTree = "<group>";
		};
		8568CD6B274BCBA600EC2ED6 /* Preview Content */ = {
			isa = PBXGroup;
			children = (
				8568CD6C274BCBA600EC2ED6 /* Preview Assets.xcassets */,
			);
			path = "Preview Content";
			sourceTree = "<group>";
		};
/* End PBXGroup section */

/* Begin PBXNativeTarget section */
		8568CD61274BCB9F00EC2ED6 /* PersonalApp */ = {
			isa = PBXNativeTarget;
			buildConfigurationList = 8568CD71274BCBA600EC2ED6 /* Build configuration list for PBXNativeTarget "PersonalApp" */;
			buildPhases = (
				8568CD5E274BCB9F00EC2ED6 /* Sources */,
				8568CD5F274BCB9F00EC2ED6 /* Frameworks */,
				8568CD60274BCB9F00EC2ED6 /* Resources */,
			);
			buildRules = (
			);
			dependencies = (
			);
			name = PersonalApp;
			productName = PersonalApp;
			productReference = 8568CD62274BCB9F00EC2ED6 /* PersonalApp.app */;
			productType = "com.apple.product-type.application";
		};
/* End PBXNativeTarget section */

/* Begin PBXProject section */
		8568CD5A274BCB9F00EC2ED6 /* Project object */ = {
			isa = PBXProject;
			attributes = {
				LastSwiftUpdateCheck = 1250;
				LastUpgradeCheck = 1250;
				TargetAttributes = {
					8568CD61274BCB9F00EC2ED6 = {
						CreatedOnToolsVersion = 12.5.1;
					};
				};
			};
			buildConfigurationList = 8568CD5D274BCB9F00EC2ED6 /* Build configuration list for PBXProject "PersonalApp" */;
			compatibilityVersion = "Xcode 9.3";
			developmentRegion = en;
			hasScannedForEncodings = 0;
			knownRegions = (
				en,
				Base,
			);
			mainGroup = 8568CD59274BCB9F00EC2ED6;
			productRefGroup = 8568CD63274BCB9F00EC2ED6 /* Products */;
			projectDirPath = "";
			projectRoot = "";
			targets = (
				8568CD61274BCB9F00EC2ED6 /* PersonalApp */,
			);
		};
/* End PBXProject section */

/* Begin PBXResourcesBuildPhase section */
		8568CD60274BCB9F00EC2ED6 /* Resources */ = {
			isa = PBXResourcesBuildPhase;
			buildActionMask = 2147483647;
			files = (
				8568CD6D274BCBA600EC2ED6 /* Preview Assets.xcassets in Resources */,
				8568CD6A274BCBA600EC2ED6 /* Assets.xcassets in Resources */,
			);
			runOnlyForDeploymentPostprocessing = 0;
		};
/* End PBXResourcesBuildPhase section */

/* Begin PBXSourcesBuildPhase section */
		8568CD5E274BCB9F00EC2ED6 /* Sources */ = {
			isa = PBXSourcesBuildPhase;
			buildActionMask = 2147483647;
			files = (
				8568CD68274BCBA000EC2ED6 /* ContentView.swift in Sources */,
				8568CD75274BCC0000EC2ED6 /* AboutMe.swift in Sources */,
				8568CD66274BCBA000EC2ED6 /* PersonalApp.swift in Sources */,
			);
			runOnlyForDeploymentPostprocessing = 0;
		};
/* End PBXSourcesBuildPhase section */

/* Begin XCBuildConfiguration section */
		8568CD6F274BCBA600EC2ED6 /* Debug */ = {
			isa = XCBuildConfiguration;
			buildSettings = {
				ALWAYS_SEARCH_USER_PATHS = NO;
				CLANG_ANALYZER_NONNULL = YES;
				CLANG_ANALYZER_NUMBER_OBJECT_CONVERSION = YES_AGGRESSIVE;
				CLANG_CXX_LANGUAGE_STANDARD = "gnu++14";
				CLANG_CXX_LIBRARY = "libc++";
				CLANG_ENABLE_MODULES = YES;
				CLANG_ENABLE_OBJC_ARC = YES;
				CLANG_ENABLE_OBJC_WEAK = YES;
				CLANG_WARN_BLOCK_CAPTURE_AUTORELEASING = YES;
				CLANG_WARN_BOOL_CONVERSION = YES;
				CLANG_WARN_COMMA = YES;
				CLANG_WARN_CONSTANT_CONVERSION = YES;
				CLANG_WARN_DEPRECATED_OBJC_IMPLEMENTATIONS = YES;
				CLANG_WARN_DIRECT_OBJC_ISA_USAGE = YES_ERROR;
				CLANG_WARN_DOCUMENTATION_COMMENTS = YES;
				CLANG_WARN_EMPTY_BODY = YES;
				CLANG_WARN_ENUM_CONVERSION = YES;
				CLANG_WARN_INFINITE_RECURSION = YES;
				CLANG_WARN_INT_CONVERSION = YES;
				CLANG_WARN_NON_LITERAL_NULL_CONVERSION = YES;
				CLANG_WARN_OBJC_IMPLICIT_RETAIN_SELF = YES;
				CLANG_WARN_OBJC_LITERAL_CONVERSION = YES;
				CLANG_WARN_OBJC_ROOT_CLASS = YES_ERROR;
				CLANG_WARN_QUOTED_INCLUDE_IN_FRAMEWORK_HEADER = YES;
				CLANG_WARN_RANGE_LOOP_ANALYSIS = YES;
				CLANG_WARN_STRICT_PROTOTYPES = YES;
				CLANG_WARN_SUSPICIOUS_MOVE = YES;
				CLANG_WARN_UNGUARDED_AVAILABILITY = YES_AGGRESSIVE;
				CLANG_WARN_UNREACHABLE_CODE = YES;
				CLANG_WARN__DUPLICATE_METHOD_MATCH = YES;
				COPY_PHASE_STRIP = NO;
				DEBUG_INFORMATION_FORMAT = dwarf;
				ENABLE_STRICT_OBJC_MSGSEND = YES;
				ENABLE_TESTABILITY = YES;
				GCC_C_LANGUAGE_STANDARD = gnu11;
				GCC_DYNAMIC_NO_PIC = NO;
				GCC_NO_COMMON_BLOCKS = YES;
				GCC_OPTIMIZATION_LEVEL = 0;
				GCC_PREPROCESSOR_DEFINITIONS = (
					"DEBUG=1",
					"$(inherited)",
				);
				GCC_WARN_64_TO_32_BIT_CONVERSION = YES;
				GCC_WARN_ABOUT_RETURN_TYPE = YES_ERROR;
				GCC_WARN_UNDECLARED_SELECTOR = YES;
				GCC_WARN_UNINITIALIZED_AUTOS = YES_AGGRESSIVE;
				GCC_WARN_UNUSED_FUNCTION = YES;
				GCC_WARN_UNUSED_VARIABLE = YES;
				IPHONEOS_DEPLOYMENT_TARGET = 14.5;
				MTL_ENABLE_DEBUG_INFO = INCLUDE_SOURCE;
				MTL_FAST_MATH = YES;
				ONLY_ACTIVE_ARCH = YES;
				SDKROOT = iphoneos;
				SWIFT_ACTIVE_COMPILATION_CONDITIONS = DEBUG;
				SWIFT_OPTIMIZATION_LEVEL = "-Onone";
			};
			name = Debug;
		};
		8568CD70274BCBA600EC2ED6 /* Release */ = {
			isa = XCBuildConfiguration;
			buildSettings = {
				ALWAYS_SEARCH_USER_PATHS = NO;
				CLANG_ANALYZER_NONNULL = YES;
				CLANG_ANALYZER_NUMBER_OBJECT_CONVERSION = YES_AGGRESSIVE;
				CLANG_CXX_LANGUAGE_STANDARD = "gnu++14";
				CLANG_CXX_LIBRARY = "libc++";
				CLANG_ENABLE_MODULES = YES;
				CLANG_ENABLE_OBJC_ARC = YES;
				CLANG_ENABLE_OBJC_WEAK = YES;
				CLANG_WARN_BLOCK_CAPTURE_AUTORELEASING = YES;
				CLANG_WARN_BOOL_CONVERSION = YES;
				CLANG_WARN_COMMA = YES;
				CLANG_WARN_CONSTANT_CONVERSION = YES;
				CLANG_WARN_DEPRECATED_OBJC_IMPLEMENTATIONS = YES;
				CLANG_WARN_DIRECT_OBJC_ISA_USAGE = YES_ERROR;
				CLANG_WARN_DOCUMENTATION_COMMENTS = YES;
				CLANG_WARN_EMPTY_BODY = YES;
				CLANG_WARN_ENUM_CONVERSION = YES;
				CLANG_WARN_INFINITE_RECURSION = YES;
				CLANG_WARN_INT_CONVERSION = YES;
				CLANG_WARN_NON_LITERAL_NULL_CONVERSION = YES;
				CLANG_WARN_OBJC_IMPLICIT_RETAIN_SELF = YES;
				CLANG_WARN_OBJC_LITERAL_CONVERSION = YES;
				CLANG_WARN_OBJC_ROOT_CLASS = YES_ERROR;
				CLANG_WARN_QUOTED_INCLUDE_IN_FRAMEWORK_HEADER = YES;
				CLANG_WARN_RANGE_LOOP_ANALYSIS = YES;
				CLANG_WARN_STRICT_PROTOTYPES = YES;
				CLANG_WARN_SUSPICIOUS_MOVE = YES;
				CLANG_WARN_UNGUARDED_AVAILABILITY = YES_AGGRESSIVE;
				CLANG_WARN_UNREACHABLE_CODE = YES;
				CLANG_WARN__DUPLICATE_METHOD_MATCH = YES;
				COPY_PHASE_STRIP = NO;
				DEBUG_INFORMATION_FORMAT = "dwarf-with-dsym";
				ENABLE_NS_ASSERTIONS = NO;
				ENABLE_STRICT_OBJC_MSGSEND = YES;
				GCC_C_LANGUAGE_STANDARD = gnu11;
				GCC_NO_COMMON_BLOCKS = YES;
				GCC_WARN_64_TO_32_BIT_CONVERSION = YES;
				GCC_WARN_ABOUT_RETURN_TYPE = YES_ERROR;
				GCC_WARN_UNDECLARED_SELECTOR = YES;
				GCC_WARN_UNINITIALIZED_AUTOS = YES_AGGRESSIVE;
				GCC_WARN_UNUSED_FUNCTION = YES;
				GCC_WARN_UNUSED_VARIABLE = YES;
				IPHONEOS_DEPLOYMENT_TARGET = 14.5;
				MTL_ENABLE_DEBUG_INFO = NO;
				MTL_FAST_MATH = YES;
				SDKROOT = iphoneos;
				SWIFT_COMPILATION_MODE = wholemodule;
				SWIFT_OPTIMIZATION_LEVEL = "-O";
				VALIDATE_PRODUCT = YES;
			};
			name = Release;
		};
		8568CD72274BCBA600EC2ED6 /* Debug */ = {
			isa = XCBuildConfiguration;
			buildSettings = {
				ASSETCATALOG_COMPILER_APPICON_NAME = AppIcon;
				ASSETCATALOG_COMPILER_GLOBAL_ACCENT_COLOR_NAME = AccentColor;
				CODE_SIGN_STYLE = Automatic;
				DEVELOPMENT_ASSET_PATHS = "\"PersonalApp/Preview Content\"";
				DEVELOPMENT_TEAM = 3UCHL22AWF;
				ENABLE_PREVIEWS = YES;
				INFOPLIST_FILE = PersonalApp/Info.plist;
				IPHONEOS_DEPLOYMENT_TARGET = 14.0;
				LD_RUNPATH_SEARCH_PATHS = (
					"$(inherited)",
					"@executable_path/Frameworks",
				);
				PRODUCT_BUNDLE_IDENTIFIER = clementng.PersonalApp;
				PRODUCT_NAME = "$(TARGET_NAME)";
				SWIFT_VERSION = 5.0;
				TARGETED_DEVICE_FAMILY = "1,2";
			};
			name = Debug;
		};
		8568CD73274BCBA600EC2ED6 /* Release */ = {
			isa = XCBuildConfiguration;
			buildSettings = {
				ASSETCATALOG_COMPILER_APPICON_NAME = AppIcon;
				ASSETCATALOG_COMPILER_GLOBAL_ACCENT_COLOR_NAME = AccentColor;
				CODE_SIGN_STYLE = Automatic;
				DEVELOPMENT_ASSET_PATHS = "\"PersonalApp/Preview Content\"";
				DEVELOPMENT_TEAM = 3UCHL22AWF;
				ENABLE_PREVIEWS = YES;
				INFOPLIST_FILE = PersonalApp/Info.plist;
				IPHONEOS_DEPLOYMENT_TARGET = 14.0;
				LD_RUNPATH_SEARCH_PATHS = (
					"$(inherited)",
					"@executable_path/Frameworks",
				);
				PRODUCT_BUNDLE_IDENTIFIER = clementng.PersonalApp;
				PRODUCT_NAME = "$(TARGET_NAME)";
				SWIFT_VERSION = 5.0;
				TARGETED_DEVICE_FAMILY = "1,2";
			};
			name = Release;
		};
/* End XCBuildConfiguration section */

/* Begin XCConfigurationList section */
		8568CD5D274BCB9F00EC2ED6 /* Build configuration list for PBXProject "PersonalApp" */ = {
			isa = XCConfigurationList;
			buildConfigurations = (
				8568CD6F274BCBA600EC2ED6 /* Debug */,
				8568CD70274BCBA600EC2ED6 /* Release */,
			);
			defaultConfigurationIsVisible = 0;
			defaultConfigurationName = Release;
		};
		8568CD71274BCBA600EC2ED6 /* Build configuration list for PBXNativeTarget "PersonalApp" */ = {
			isa = XCConfigurationList;
			buildConfigurations = (
				8568CD72274BCBA600EC2ED6 /* Debug */,
				8568CD73274BCBA600EC2ED6 /* Release */,
			);
			defaultConfigurationIsVisible = 0;
			defaultConfigurationName = Release;
		};
/* End XCConfigurationList section */
	};
	rootObject = 8568CD5A274BCB9F00EC2ED6 /* Project object */;
}
